
Microsoft Visual Studio Solution File, Format Version 12.00
# Visual Studio 15
VisualStudioVersion = 15.0.28307.168
MinimumVisualStudioVersion = 10.0.40219.1
Project("{FAE04EC0-301F-11D3-BF4B-00C04F79EFBC}") = "NoPrismMVVM.Android", "NoPrismMVVM\NoPrismMVVM.Android\NoPrismMVVM.Android.csproj", "{E1DDB16E-81F2-42D2-9E17-4179BA28BFBB}"
EndProject
Project("{FAE04EC0-301F-11D3-BF4B-00C04F79EFBC}") = "NoPrismMVVM.iOS", "NoPrismMVVM\NoPrismMVVM.iOS\NoPrismMVVM.iOS.csproj", "{93994F57-3732-4355-8A20-E599230156A3}"
EndProject
Project("{FAE04EC0-301F-11D3-BF4B-00C04F79EFBC}") = "NoPrismMVVM.UWP", "NoPrismMVVM\NoPrismMVVM.UWP\NoPrismMVVM.UWP.csproj", "{E78C4402-6C29-47CE-AB7E-6697B2492FE9}"
EndProject
Project("{9A19103F-16F7-4668-BE54-9A1E7A4F7556}") = "NoPrismMVVM", "NoPrismMVVM\NoPrismMVVM\NoPrismMVVM.csproj", "{F2720AD5-361B-4DDA-9AC5-47D0EF2BE3FE}"
EndProject
Project("{FAE04EC0-301F-11D3-BF4B-00C04F79EFBC}") = "NoPrismMVVM.WPF", "NoPrismMVVM\NoPrismMVVM.WPF\NoPrismMVVM.WPF.csproj", "{DFA46AC0-60CD-4F08-ABB9-2697DA264E60}"
EndProject
Global
	GlobalSection(SolutionConfigurationPlatforms) = preSolution
		Ad-Hoc|Any CPU = Ad-Hoc|Any CPU
		Ad-Hoc|ARM = Ad-Hoc|ARM
		Ad-Hoc|iPhone = Ad-Hoc|iPhone
		Ad-Hoc|iPhoneSimulator = Ad-Hoc|iPhoneSimulator
		Ad-Hoc|x64 = Ad-Hoc|x64
		Ad-Hoc|x86 = Ad-Hoc|x86
		AppStore|Any CPU = AppStore|Any CPU
		AppStore|ARM = AppStore|ARM
		AppStore|iPhone = AppStore|iPhone
		AppStore|iPhoneSimulator = AppStore|iPhoneSimulator
		AppStore|x64 = AppStore|x64
		AppStore|x86 = AppStore|x86
		Debug|Any CPU = Debug|Any CPU
		Debug|ARM = Debug|ARM
		Debug|iPhone = Debug|iPhone
		Debug|iPhoneSimulator = Debug|iPhoneSimulator
		Debug|x64 = Debug|x64
		Debug|x86 = Debug|x86
		Release|Any CPU = Release|Any CPU
		Release|ARM = Release|ARM
		Release|iPhone = Release|iPhone
		Release|iPhoneSimulator = Release|iPhoneSimulator
		Release|x64 = Release|x64
		Release|x86 = Release|x86
	EndGlobalSection
	GlobalSection(ProjectConfigurationPlatforms) = postSolution
		{E1DDB16E-81F2-42D2-9E17-4179BA28BFBB}.Ad-Hoc|Any CPU.ActiveCfg = Release|Any CPU
		{E1DDB16E-81F2-42D2-9E17-4179BA28BFBB}.Ad-Hoc|Any CPU.Build.0 = Release|Any CPU
		{E1DDB16E-81F2-42D2-9E17-4179BA28BFBB}.Ad-Hoc|Any CPU.Deploy.0 = Release|Any CPU
		{E1DDB16E-81F2-42D2-9E17-4179BA28BFBB}.Ad-Hoc|ARM.ActiveCfg = Release|Any CPU
		{E1DDB16E-81F2-42D2-9E17-4179BA28BFBB}.Ad-Hoc|ARM.Build.0 = Release|Any CPU
		{E1DDB16E-81F2-42D2-9E17-4179BA28BFBB}.Ad-Hoc|ARM.Deploy.0 = Release|Any CPU
		{E1DDB16E-81F2-42D2-9E17-4179BA28BFBB}.Ad-Hoc|iPhone.ActiveCfg = Release|Any CPU
		{E1DDB16E-81F2-42D2-9E17-4179BA28BFBB}.Ad-Hoc|iPhone.Build.0 = Release|Any CPU
		{E1DDB16E-81F2-42D2-9E17-4179BA28BFBB}.Ad-Hoc|iPhone.Deploy.0 = Release|Any CPU
		{E1DDB16E-81F2-42D2-9E17-4179BA28BFBB}.Ad-Hoc|iPhoneSimulator.ActiveCfg = Release|Any CPU
		{E1DDB16E-81F2-42D2-9E17-4179BA28BFBB}.Ad-Hoc|iPhoneSimulator.Build.0 = Release|Any CPU
		{E1DDB16E-81F2-42D2-9E17-4179BA28BFBB}.Ad-Hoc|iPhoneSimulator.Deploy.0 = Release|Any CPU
		{E1DDB16E-81F2-42D2-9E17-4179BA28BFBB}.Ad-Hoc|x64.ActiveCfg = Release|Any CPU
		{E1DDB16E-81F2-42D2-9E17-4179BA28BFBB}.Ad-Hoc|x64.Build.0 = Release|Any CPU
		{E1DDB16E-81F2-42D2-9E17-4179BA28BFBB}.Ad-Hoc|x64.Deploy.0 = Release|Any CPU
		{E1DDB16E-81F2-42D2-9E17-4179BA28BFBB}.Ad-Hoc|x86.ActiveCfg = Release|Any CPU
		{E1DDB16E-81F2-42D2-9E17-4179BA28BFBB}.Ad-Hoc|x86.Build.0 = Release|Any CPU
		{E1DDB16E-81F2-42D2-9E17-4179BA28BFBB}.Ad-Hoc|x86.Deploy.0 = Release|Any CPU
		{E1DDB16E-81F2-42D2-9E17-4179BA28BFBB}.AppStore|Any CPU.ActiveCfg = Release|Any CPU
		{E1DDB16E-81F2-42D2-9E17-4179BA28BFBB}.AppStore|Any CPU.Build.0 = Release|Any CPU
		{E1DDB16E-81F2-42D2-9E17-4179BA28BFBB}.AppStore|Any CPU.Deploy.0 = Release|Any CPU
		{E1DDB16E-81F2-42D2-9E17-4179BA28BFBB}.AppStore|ARM.ActiveCfg = Release|Any CPU
		{E1DDB16E-81F2-42D2-9E17-4179BA28BFBB}.AppStore|ARM.Build.0 = Release|Any CPU
		{E1DDB16E-81F2-42D2-9E17-4179BA28BFBB}.AppStore|ARM.Deploy.0 = Release|Any CPU
		{E1DDB16E-81F2-42D2-9E17-4179BA28BFBB}.AppStore|iPhone.ActiveCfg = Release|Any CPU
		{E1DDB16E-81F2-42D2-9E17-4179BA28BFBB}.AppStore|iPhone.Build.0 = Release|Any CPU
		{E1DDB16E-81F2-42D2-9E17-4179BA28BFBB}.AppStore|iPhone.Deploy.0 = Release|Any CPU
		{E1DDB16E-81F2-42D2-9E17-4179BA28BFBB}.AppStore|iPhoneSimulator.ActiveCfg = Release|Any CPU
		{E1DDB16E-81F2-42D2-9E17-4179BA28BFBB}.AppStore|iPhoneSimulator.Build.0 = Release|Any CPU
		{E1DDB16E-81F2-42D2-9E17-4179BA28BFBB}.AppStore|iPhoneSimulator.Deploy.0 = Release|Any CPU
		{E1DDB16E-81F2-42D2-9E17-4179BA28BFBB}.AppStore|x64.ActiveCfg = Release|Any CPU
		{E1DDB16E-81F2-42D2-9E17-4179BA28BFBB}.AppStore|x64.Build.0 = Release|Any CPU
		{E1DDB16E-81F2-42D2-9E17-4179BA28BFBB}.AppStore|x64.Deploy.0 = Release|Any CPU
		{E1DDB16E-81F2-42D2-9E17-4179BA28BFBB}.AppStore|x86.ActiveCfg = Release|Any CPU
		{E1DDB16E-81F2-42D2-9E17-4179BA28BFBB}.AppStore|x86.Build.0 = Release|Any CPU
		{E1DDB16E-81F2-42D2-9E17-4179BA28BFBB}.AppStore|x86.Deploy.0 = Release|Any CPU
		{E1DDB16E-81F2-42D2-9E17-4179BA28BFBB}.Debug|Any CPU.ActiveCfg = Debug|Any CPU
		{E1DDB16E-81F2-42D2-9E17-4179BA28BFBB}.Debug|Any CPU.Build.0 = Debug|Any CPU
		{E1DDB16E-81F2-42D2-9E17-4179BA28BFBB}.Debug|Any CPU.Deploy.0 = Debug|Any CPU
		{E1DDB16E-81F2-42D2-9E17-4179BA28BFBB}.Debug|ARM.ActiveCfg = Debug|Any CPU
		{E1DDB16E-81F2-42D2-9E17-4179BA28BFBB}.Debug|ARM.Build.0 = Debug|Any CPU
		{E1DDB16E-81F2-42D2-9E17-4179BA28BFBB}.Debug|ARM.Deploy.0 = Debug|Any CPU
		{E1DDB16E-81F2-42D2-9E17-4179BA28BFBB}.Debug|iPhone.ActiveCfg = Debug|Any CPU
		{E1DDB16E-81F2-42D2-9E17-4179BA28BFBB}.Debug|iPhone.Build.0 = Debug|Any CPU
		{E1DDB16E-81F2-42D2-9E17-4179BA28BFBB}.Debug|iPhone.Deploy.0 = Debug|Any CPU
		{E1DDB16E-81F2-42D2-9E17-4179BA28BFBB}.Debug|iPhoneSimulator.ActiveCfg = Debug|Any CPU
		{E1DDB16E-81F2-42D2-9E17-4179BA28BFBB}.Debug|iPhoneSimulator.Build.0 = Debug|Any CPU
		{E1DDB16E-81F2-42D2-9E17-4179BA28BFBB}.Debug|iPhoneSimulator.Deploy.0 = Debug|Any CPU
		{E1DDB16E-81F2-42D2-9E17-4179BA28BFBB}.Debug|x64.ActiveCfg = Debug|Any CPU
		{E1DDB16E-81F2-42D2-9E17-4179BA28BFBB}.Debug|x64.Build.0 = Debug|Any CPU
		{E1DDB16E-81F2-42D2-9E17-4179BA28BFBB}.Debug|x64.Deploy.0 = Debug|Any CPU
		{E1DDB16E-81F2-42D2-9E17-4179BA28BFBB}.Debug|x86.ActiveCfg = Debug|Any CPU
		{E1DDB16E-81F2-42D2-9E17-4179BA28BFBB}.Debug|x86.Build.0 = Debug|Any CPU
		{E1DDB16E-81F2-42D2-9E17-4179BA28BFBB}.Debug|x86.Deploy.0 = Debug|Any CPU
		{E1DDB16E-81F2-42D2-9E17-4179BA28BFBB}.Release|Any CPU.ActiveCfg = Release|Any CPU
		{E1DDB16E-81F2-42D2-9E17-4179BA28BFBB}.Release|Any CPU.Build.0 = Release|Any CPU
		{E1DDB16E-81F2-42D2-9E17-4179BA28BFBB}.Release|Any CPU.Deploy.0 = Release|Any CPU
		{E1DDB16E-81F2-42D2-9E17-4179BA28BFBB}.Release|ARM.ActiveCfg = Release|Any CPU
		{E1DDB16E-81F2-42D2-9E17-4179BA28BFBB}.Release|ARM.Build.0 = Release|Any CPU
		{E1DDB16E-81F2-42D2-9E17-4179BA28BFBB}.Release|ARM.Deploy.0 = Release|Any CPU
		{E1DDB16E-81F2-42D2-9E17-4179BA28BFBB}.Release|iPhone.ActiveCfg = Release|Any CPU
		{E1DDB16E-81F2-42D2-9E17-4179BA28BFBB}.Release|iPhone.Build.0 = Release|Any CPU
		{E1DDB16E-81F2-42D2-9E17-4179BA28BFBB}.Release|iPhone.Deploy.0 = Release|Any CPU
		{E1DDB16E-81F2-42D2-9E17-4179BA28BFBB}.Release|iPhoneSimulator.ActiveCfg = Release|Any CPU
		{E1DDB16E-81F2-42D2-9E17-4179BA28BFBB}.Release|iPhoneSimulator.Build.0 = Release|Any CPU
		{E1DDB16E-81F2-42D2-9E17-4179BA28BFBB}.Release|iPhoneSimulator.Deploy.0 = Release|Any CPU
		{E1DDB16E-81F2-42D2-9E17-4179BA28BFBB}.Release|x64.ActiveCfg = Release|Any CPU
		{E1DDB16E-81F2-42D2-9E17-4179BA28BFBB}.Release|x64.Build.0 = Release|Any CPU
		{E1DDB16E-81F2-42D2-9E17-4179BA28BFBB}.Release|x64.Deploy.0 = Release|Any CPU
		{E1DDB16E-81F2-42D2-9E17-4179BA28BFBB}.Release|x86.ActiveCfg = Release|Any CPU
		{E1DDB16E-81F2-42D2-9E17-4179BA28BFBB}.Release|x86.Build.0 = Release|Any CPU
		{E1DDB16E-81F2-42D2-9E17-4179BA28BFBB}.Release|x86.Deploy.0 = Release|Any CPU
		{93994F57-3732-4355-8A20-E599230156A3}.Ad-Hoc|Any CPU.ActiveCfg = Ad-Hoc|iPhone
		{93994F57-3732-4355-8A20-E599230156A3}.Ad-Hoc|Any CPU.Build.0 = Ad-Hoc|iPhone
		{93994F57-3732-4355-8A20-E599230156A3}.Ad-Hoc|Any CPU.Deploy.0 = Ad-Hoc|iPhone
		{93994F57-3732-4355-8A20-E599230156A3}.Ad-Hoc|ARM.ActiveCfg = Ad-Hoc|iPhone
		{93994F57-3732-4355-8A20-E599230156A3}.Ad-Hoc|ARM.Build.0 = Ad-Hoc|iPhone
		{93994F57-3732-4355-8A20-E599230156A3}.Ad-Hoc|ARM.Deploy.0 = Ad-Hoc|iPhone
		{93994F57-3732-4355-8A20-E599230156A3}.Ad-Hoc|iPhone.ActiveCfg = Ad-Hoc|iPhone
		{93994F57-3732-4355-8A20-E599230156A3}.Ad-Hoc|iPhone.Build.0 = Ad-Hoc|iPhone
		{93994F57-3732-4355-8A20-E599230156A3}.Ad-Hoc|iPhone.Deploy.0 = Ad-Hoc|iPhone
		{93994F57-3732-4355-8A20-E599230156A3}.Ad-Hoc|iPhoneSimulator.ActiveCfg = Ad-Hoc|iPhoneSimulator
		{93994F57-3732-4355-8A20-E599230156A3}.Ad-Hoc|iPhoneSimulator.Build.0 = Ad-Hoc|iPhoneSimulator
		{93994F57-3732-4355-8A20-E599230156A3}.Ad-Hoc|iPhoneSimulator.Deploy.0 = Ad-Hoc|iPhoneSimulator
		{93994F57-3732-4355-8A20-E599230156A3}.Ad-Hoc|x64.ActiveCfg = Ad-Hoc|iPhone
		{93994F57-3732-4355-8A20-E599230156A3}.Ad-Hoc|x64.Build.0 = Ad-Hoc|iPhone
		{93994F57-3732-4355-8A20-E599230156A3}.Ad-Hoc|x64.Deploy.0 = Ad-Hoc|iPhone
		{93994F57-3732-4355-8A20-E599230156A3}.Ad-Hoc|x86.ActiveCfg = Ad-Hoc|iPhone
		{93994F57-3732-4355-8A20-E599230156A3}.Ad-Hoc|x86.Build.0 = Ad-Hoc|iPhone
		{93994F57-3732-4355-8A20-E599230156A3}.Ad-Hoc|x86.Deploy.0 = Ad-Hoc|iPhone
		{93994F57-3732-4355-8A20-E599230156A3}.AppStore|Any CPU.ActiveCfg = AppStore|iPhone
		{93994F57-3732-4355-8A20-E599230156A3}.AppStore|Any CPU.Build.0 = AppStore|iPhone
		{93994F57-3732-4355-8A20-E599230156A3}.AppStore|Any CPU.Deploy.0 = AppStore|iPhone
		{93994F57-3732-4355-8A20-E599230156A3}.AppStore|ARM.ActiveCfg = AppStore|iPhone
		{93994F57-3732-4355-8A20-E599230156A3}.AppStore|ARM.Build.0 = AppStore|iPhone
		{93994F57-3732-4355-8A20-E599230156A3}.AppStore|ARM.Deploy.0 = AppStore|iPhone
		{93994F57-3732-4355-8A20-E599230156A3}.AppStore|iPhone.ActiveCfg = AppStore|iPhone
		{93994F57-3732-4355-8A20-E599230156A3}.AppStore|iPhone.Build.0 = AppStore|iPhone
		{93994F57-3732-4355-8A20-E599230156A3}.AppStore|iPhone.Deploy.0 = AppStore|iPhone
		{93994F57-3732-4355-8A20-E599230156A3}.AppStore|iPhoneSimulator.ActiveCfg = AppStore|iPhoneSimulator
		{93994F57-3732-4355-8A20-E599230156A3}.AppStore|iPhoneSimulator.Build.0 = AppStore|iPhoneSimulator
		{93994F57-3732-4355-8A20-E599230156A3}.AppStore|iPhoneSimulator.Deploy.0 = AppStore|iPhoneSimulator
		{93994F57-3732-4355-8A20-E599230156A3}.AppStore|x64.ActiveCfg = AppStore|iPhone
		{93994F57-3732-4355-8A20-E599230156A3}.AppStore|x64.Build.0 = AppStore|iPhone
		{93994F57-3732-4355-8A20-E599230156A3}.AppStore|x64.Deploy.0 = AppStore|iPhone
		{93994F57-3732-4355-8A20-E599230156A3}.AppStore|x86.ActiveCfg = AppStore|iPhone
		{93994F57-3732-4355-8A20-E599230156A3}.AppStore|x86.Build.0 = AppStore|iPhone
		{93994F57-3732-4355-8A20-E599230156A3}.AppStore|x86.Deploy.0 = AppStore|iPhone
		{93994F57-3732-4355-8A20-E599230156A3}.Debug|Any CPU.ActiveCfg = Debug|iPhoneSimulator
		{93994F57-3732-4355-8A20-E599230156A3}.Debug|Any CPU.Build.0 = Debug|iPhoneSimulator
		{93994F57-3732-4355-8A20-E599230156A3}.Debug|Any CPU.Deploy.0 = Debug|iPhoneSimulator
		{93994F57-3732-4355-8A20-E599230156A3}.Debug|ARM.ActiveCfg = Debug|iPhone
		{93994F57-3732-4355-8A20-E599230156A3}.Debug|ARM.Build.0 = Debug|iPhone
		{93994F57-3732-4355-8A20-E599230156A3}.Debug|ARM.Deploy.0 = Debug|iPhone
		{93994F57-3732-4355-8A20-E599230156A3}.Debug|iPhone.ActiveCfg = Debug|iPhone
		{93994F57-3732-4355-8A20-E599230156A3}.Debug|iPhone.Build.0 = Debug|iPhone
		{93994F57-3732-4355-8A20-E599230156A3}.Debug|iPhone.Deploy.0 = Debug|iPhone
		{93994F57-3732-4355-8A20-E599230156A3}.Debug|iPhoneSimulator.ActiveCfg = Debug|iPhoneSimulator
		{93994F57-3732-4355-8A20-E599230156A3}.Debug|iPhoneSimulator.Build.0 = Debug|iPhoneSimulator
		{93994F57-3732-4355-8A20-E599230156A3}.Debug|iPhoneSimulator.Deploy.0 = Debug|iPhoneSimulator
		{93994F57-3732-4355-8A20-E599230156A3}.Debug|x64.ActiveCfg = Debug|iPhone
		{93994F57-3732-4355-8A20-E599230156A3}.Debug|x64.Build.0 = Debug|iPhone
		{93994F57-3732-4355-8A20-E599230156A3}.Debug|x64.Deploy.0 = Debug|iPhone
		{93994F57-3732-4355-8A20-E599230156A3}.Debug|x86.ActiveCfg = Debug|iPhone
		{93994F57-3732-4355-8A20-E599230156A3}.Debug|x86.Build.0 = Debug|iPhone
		{93994F57-3732-4355-8A20-E599230156A3}.Debug|x86.Deploy.0 = Debug|iPhone
		{93994F57-3732-4355-8A20-E599230156A3}.Release|Any CPU.ActiveCfg = Release|iPhone
		{93994F57-3732-4355-8A20-E599230156A3}.Release|Any CPU.Build.0 = Release|iPhone
		{93994F57-3732-4355-8A20-E599230156A3}.Release|Any CPU.Deploy.0 = Release|iPhone
		{93994F57-3732-4355-8A20-E599230156A3}.Release|ARM.ActiveCfg = Release|iPhone
		{93994F57-3732-4355-8A20-E599230156A3}.Release|ARM.Build.0 = Release|iPhone
		{93994F57-3732-4355-8A20-E599230156A3}.Release|ARM.Deploy.0 = Release|iPhone
		{93994F57-3732-4355-8A20-E599230156A3}.Release|iPhone.ActiveCfg = Release|iPhone
		{93994F57-3732-4355-8A20-E599230156A3}.Release|iPhone.Build.0 = Release|iPhone
		{93994F57-3732-4355-8A20-E599230156A3}.Release|iPhone.Deploy.0 = Release|iPhone
		{93994F57-3732-4355-8A20-E599230156A3}.Release|iPhoneSimulator.ActiveCfg = Release|iPhoneSimulator
		{93994F57-3732-4355-8A20-E599230156A3}.Release|iPhoneSimulator.Build.0 = Release|iPhoneSimulator
		{93994F57-3732-4355-8A20-E599230156A3}.Release|iPhoneSimulator.Deploy.0 = Release|iPhoneSimulator
		{93994F57-3732-4355-8A20-E599230156A3}.Release|x64.ActiveCfg = Release|iPhone
		{93994F57-3732-4355-8A20-E599230156A3}.Release|x64.Build.0 = Release|iPhone
		{93994F57-3732-4355-8A20-E599230156A3}.Release|x64.Deploy.0 = Release|iPhone
		{93994F57-3732-4355-8A20-E599230156A3}.Release|x86.ActiveCfg = Release|iPhone
		{93994F57-3732-4355-8A20-E599230156A3}.Release|x86.Build.0 = Release|iPhone
		{93994F57-3732-4355-8A20-E599230156A3}.Release|x86.Deploy.0 = Release|iPhone
		{E78C4402-6C29-47CE-AB7E-6697B2492FE9}.Ad-Hoc|Any CPU.ActiveCfg = Release|x86
		{E78C4402-6C29-47CE-AB7E-6697B2492FE9}.Ad-Hoc|Any CPU.Build.0 = Release|x86
		{E78C4402-6C29-47CE-AB7E-6697B2492FE9}.Ad-Hoc|Any CPU.Deploy.0 = Release|x86
		{E78C4402-6C29-47CE-AB7E-6697B2492FE9}.Ad-Hoc|ARM.ActiveCfg = Release|ARM
		{E78C4402-6C29-47CE-AB7E-6697B2492FE9}.Ad-Hoc|ARM.Build.0 = Release|ARM
		{E78C4402-6C29-47CE-AB7E-6697B2492FE9}.Ad-Hoc|ARM.Deploy.0 = Release|ARM
		{E78C4402-6C29-47CE-AB7E-6697B2492FE9}.Ad-Hoc|iPhone.ActiveCfg = Release|x86
		{E78C4402-6C29-47CE-AB7E-6697B2492FE9}.Ad-Hoc|iPhone.Build.0 = Release|x86
		{E78C4402-6C29-47CE-AB7E-6697B2492FE9}.Ad-Hoc|iPhone.Deploy.0 = Release|x86
		{E78C4402-6C29-47CE-AB7E-6697B2492FE9}.Ad-Hoc|iPhoneSimulator.ActiveCfg = Release|x86
		{E78C4402-6C29-47CE-AB7E-6697B2492FE9}.Ad-Hoc|iPhoneSimulator.Build.0 = Release|x86
		{E78C4402-6C29-47CE-AB7E-6697B2492FE9}.Ad-Hoc|iPhoneSimulator.Deploy.0 = Release|x86
		{E78C4402-6C29-47CE-AB7E-6697B2492FE9}.Ad-Hoc|x64.ActiveCfg = Release|x64
		{E78C4402-6C29-47CE-AB7E-6697B2492FE9}.Ad-Hoc|x64.Build.0 = Release|x64
		{E78C4402-6C29-47CE-AB7E-6697B2492FE9}.Ad-Hoc|x64.Deploy.0 = Release|x64
		{E78C4402-6C29-47CE-AB7E-6697B2492FE9}.Ad-Hoc|x86.ActiveCfg = Release|x86
		{E78C4402-6C29-47CE-AB7E-6697B2492FE9}.Ad-Hoc|x86.Build.0 = Release|x86
		{E78C4402-6C29-47CE-AB7E-6697B2492FE9}.Ad-Hoc|x86.Deploy.0 = Release|x86
		{E78C4402-6C29-47CE-AB7E-6697B2492FE9}.AppStore|Any CPU.ActiveCfg = Release|x86
		{E78C4402-6C29-47CE-AB7E-6697B2492FE9}.AppStore|Any CPU.Build.0 = Release|x86
		{E78C4402-6C29-47CE-AB7E-6697B2492FE9}.AppStore|Any CPU.Deploy.0 = Release|x86
		{E78C4402-6C29-47CE-AB7E-6697B2492FE9}.AppStore|ARM.ActiveCfg = Release|ARM
		{E78C4402-6C29-47CE-AB7E-6697B2492FE9}.AppStore|ARM.Build.0 = Release|ARM
		{E78C4402-6C29-47CE-AB7E-6697B2492FE9}.AppStore|ARM.Deploy.0 = Release|ARM
		{E78C4402-6C29-47CE-AB7E-6697B2492FE9}.AppStore|iPhone.ActiveCfg = Release|x86
		{E78C4402-6C29-47CE-AB7E-6697B2492FE9}.AppStore|iPhone.Build.0 = Release|x86
		{E78C4402-6C29-47CE-AB7E-6697B2492FE9}.AppStore|iPhone.Deploy.0 = Release|x86
		{E78C4402-6C29-47CE-AB7E-6697B2492FE9}.AppStore|iPhoneSimulator.ActiveCfg = Release|x86
		{E78C4402-6C29-47CE-AB7E-6697B2492FE9}.AppStore|iPhoneSimulator.Build.0 = Release|x86
		{E78C4402-6C29-47CE-AB7E-6697B2492FE9}.AppStore|iPhoneSimulator.Deploy.0 = Release|x86
		{E78C4402-6C29-47CE-AB7E-6697B2492FE9}.AppStore|x64.ActiveCfg = Release|x64
		{E78C4402-6C29-47CE-AB7E-6697B2492FE9}.AppStore|x64.Build.0 = Release|x64
		{E78C4402-6C29-47CE-AB7E-6697B2492FE9}.AppStore|x64.Deploy.0 = Release|x64
		{E78C4402-6C29-47CE-AB7E-6697B2492FE9}.AppStore|x86.ActiveCfg = Release|x86
		{E78C4402-6C29-47CE-AB7E-6697B2492FE9}.AppStore|x86.Build.0 = Release|x86
		{E78C4402-6C29-47CE-AB7E-6697B2492FE9}.AppStore|x86.Deploy.0 = Release|x86
		{E78C4402-6C29-47CE-AB7E-6697B2492FE9}.Debug|Any CPU.ActiveCfg = Debug|x86
		{E78C4402-6C29-47CE-AB7E-6697B2492FE9}.Debug|Any CPU.Build.0 = Debug|x86
		{E78C4402-6C29-47CE-AB7E-6697B2492FE9}.Debug|Any CPU.Deploy.0 = Debug|x86
		{E78C4402-6C29-47CE-AB7E-6697B2492FE9}.Debug|ARM.ActiveCfg = Debug|ARM
		{E78C4402-6C29-47CE-AB7E-6697B2492FE9}.Debug|ARM.Build.0 = Debug|ARM
		{E78C4402-6C29-47CE-AB7E-6697B2492FE9}.Debug|ARM.Deploy.0 = Debug|ARM
		{E78C4402-6C29-47CE-AB7E-6697B2492FE9}.Debug|iPhone.ActiveCfg = Debug|x86
		{E78C4402-6C29-47CE-AB7E-6697B2492FE9}.Debug|iPhone.Build.0 = Debug|x86
		{E78C4402-6C29-47CE-AB7E-6697B2492FE9}.Debug|iPhone.Deploy.0 = Debug|x86
		{E78C4402-6C29-47CE-AB7E-6697B2492FE9}.Debug|iPhoneSimulator.ActiveCfg = Debug|x86
		{E78C4402-6C29-47CE-AB7E-6697B2492FE9}.Debug|iPhoneSimulator.Build.0 = Debug|x86
		{E78C4402-6C29-47CE-AB7E-6697B2492FE9}.Debug|iPhoneSimulator.Deploy.0 = Debug|x86
		{E78C4402-6C29-47CE-AB7E-6697B2492FE9}.Debug|x64.ActiveCfg = Debug|x64
		{E78C4402-6C29-47CE-AB7E-6697B2492FE9}.Debug|x64.Build.0 = Debug|x64
		{E78C4402-6C29-47CE-AB7E-6697B2492FE9}.Debug|x64.Deploy.0 = Debug|x64
		{E78C4402-6C29-47CE-AB7E-6697B2492FE9}.Debug|x86.ActiveCfg = Debug|x86
		{E78C4402-6C29-47CE-AB7E-6697B2492FE9}.Debug|x86.Build.0 = Debug|x86
		{E78C4402-6C29-47CE-AB7E-6697B2492FE9}.Debug|x86.Deploy.0 = Debug|x86
		{E78C4402-6C29-47CE-AB7E-6697B2492FE9}.Release|Any CPU.ActiveCfg = Release|x86
		{E78C4402-6C29-47CE-AB7E-6697B2492FE9}.Release|Any CPU.Build.0 = Release|x86
		{E78C4402-6C29-47CE-AB7E-6697B2492FE9}.Release|Any CPU.Deploy.0 = Release|x86
		{E78C4402-6C29-47CE-AB7E-6697B2492FE9}.Release|ARM.ActiveCfg = Release|ARM
		{E78C4402-6C29-47CE-AB7E-6697B2492FE9}.Release|ARM.Build.0 = Release|ARM
		{E78C4402-6C29-47CE-AB7E-6697B2492FE9}.Release|ARM.Deploy.0 = Release|ARM
		{E78C4402-6C29-47CE-AB7E-6697B2492FE9}.Release|iPhone.ActiveCfg = Release|x86
		{E78C4402-6C29-47CE-AB7E-6697B2492FE9}.Release|iPhone.Build.0 = Release|x86
		{E78C4402-6C29-47CE-AB7E-6697B2492FE9}.Release|iPhone.Deploy.0 = Release|x86
		{E78C4402-6C29-47CE-AB7E-6697B2492FE9}.Release|iPhoneSimulator.ActiveCfg = Release|x86
		{E78C4402-6C29-47CE-AB7E-6697B2492FE9}.Release|iPhoneSimulator.Build.0 = Release|x86
		{E78C4402-6C29-47CE-AB7E-6697B2492FE9}.Release|iPhoneSimulator.Deploy.0 = Release|x86
		{E78C4402-6C29-47CE-AB7E-6697B2492FE9}.Release|x64.ActiveCfg = Release|x64
		{E78C4402-6C29-47CE-AB7E-6697B2492FE9}.Release|x64.Build.0 = Release|x64
		{E78C4402-6C29-47CE-AB7E-6697B2492FE9}.Release|x64.Deploy.0 = Release|x64
		{E78C4402-6C29-47CE-AB7E-6697B2492FE9}.Release|x86.ActiveCfg = Release|x86
		{E78C4402-6C29-47CE-AB7E-6697B2492FE9}.Release|x86.Build.0 = Release|x86
		{E78C4402-6C29-47CE-AB7E-6697B2492FE9}.Release|x86.Deploy.0 = Release|x86
		{F2720AD5-361B-4DDA-9AC5-47D0EF2BE3FE}.Ad-Hoc|Any CPU.ActiveCfg = Debug|Any CPU
		{F2720AD5-361B-4DDA-9AC5-47D0EF2BE3FE}.Ad-Hoc|Any CPU.Build.0 = Debug|Any CPU
		{F2720AD5-361B-4DDA-9AC5-47D0EF2BE3FE}.Ad-Hoc|Any CPU.Deploy.0 = Debug|Any CPU
		{F2720AD5-361B-4DDA-9AC5-47D0EF2BE3FE}.Ad-Hoc|ARM.ActiveCfg = Debug|Any CPU
		{F2720AD5-361B-4DDA-9AC5-47D0EF2BE3FE}.Ad-Hoc|ARM.Build.0 = Debug|Any CPU
		{F2720AD5-361B-4DDA-9AC5-47D0EF2BE3FE}.Ad-Hoc|ARM.Deploy.0 = Debug|Any CPU
		{F2720AD5-361B-4DDA-9AC5-47D0EF2BE3FE}.Ad-Hoc|iPhone.ActiveCfg = Debug|Any CPU
		{F2720AD5-361B-4DDA-9AC5-47D0EF2BE3FE}.Ad-Hoc|iPhone.Build.0 = Debug|Any CPU
		{F2720AD5-361B-4DDA-9AC5-47D0EF2BE3FE}.Ad-Hoc|iPhone.Deploy.0 = Debug|Any CPU
		{F2720AD5-361B-4DDA-9AC5-47D0EF2BE3FE}.Ad-Hoc|iPhoneSimulator.ActiveCfg = Debug|Any CPU
		{F2720AD5-361B-4DDA-9AC5-47D0EF2BE3FE}.Ad-Hoc|iPhoneSimulator.Build.0 = Debug|Any CPU
		{F2720AD5-361B-4DDA-9AC5-47D0EF2BE3FE}.Ad-Hoc|iPhoneSimulator.Deploy.0 = Debug|Any CPU
		{F2720AD5-361B-4DDA-9AC5-47D0EF2BE3FE}.Ad-Hoc|x64.ActiveCfg = Debug|Any CPU
		{F2720AD5-361B-4DDA-9AC5-47D0EF2BE3FE}.Ad-Hoc|x64.Build.0 = Debug|Any CPU
		{F2720AD5-361B-4DDA-9AC5-47D0EF2BE3FE}.Ad-Hoc|x64.Deploy.0 = Debug|Any CPU
		{F2720AD5-361B-4DDA-9AC5-47D0EF2BE3FE}.Ad-Hoc|x86.ActiveCfg = Debug|Any CPU
		{F2720AD5-361B-4DDA-9AC5-47D0EF2BE3FE}.Ad-Hoc|x86.Build.0 = Debug|Any CPU
		{F2720AD5-361B-4DDA-9AC5-47D0EF2BE3FE}.Ad-Hoc|x86.Deploy.0 = Debug|Any CPU
		{F2720AD5-361B-4DDA-9AC5-47D0EF2BE3FE}.AppStore|Any CPU.ActiveCfg = Debug|Any CPU
		{F2720AD5-361B-4DDA-9AC5-47D0EF2BE3FE}.AppStore|Any CPU.Build.0 = Debug|Any CPU
		{F2720AD5-361B-4DDA-9AC5-47D0EF2BE3FE}.AppStore|Any CPU.Deploy.0 = Debug|Any CPU
		{F2720AD5-361B-4DDA-9AC5-47D0EF2BE3FE}.AppStore|ARM.ActiveCfg = Debug|Any CPU
		{F2720AD5-361B-4DDA-9AC5-47D0EF2BE3FE}.AppStore|ARM.Build.0 = Debug|Any CPU
		{F2720AD5-361B-4DDA-9AC5-47D0EF2BE3FE}.AppStore|ARM.Deploy.0 = Debug|Any CPU
		{F2720AD5-361B-4DDA-9AC5-47D0EF2BE3FE}.AppStore|iPhone.ActiveCfg = Debug|Any CPU
		{F2720AD5-361B-4DDA-9AC5-47D0EF2BE3FE}.AppStore|iPhone.Build.0 = Debug|Any CPU
		{F2720AD5-361B-4DDA-9AC5-47D0EF2BE3FE}.AppStore|iPhone.Deploy.0 = Debug|Any CPU
		{F2720AD5-361B-4DDA-9AC5-47D0EF2BE3FE}.AppStore|iPhoneSimulator.ActiveCfg = Debug|Any CPU
		{F2720AD5-361B-4DDA-9AC5-47D0EF2BE3FE}.AppStore|iPhoneSimulator.Build.0 = Debug|Any CPU
		{F2720AD5-361B-4DDA-9AC5-47D0EF2BE3FE}.AppStore|iPhoneSimulator.Deploy.0 = Debug|Any CPU
		{F2720AD5-361B-4DDA-9AC5-47D0EF2BE3FE}.AppStore|x64.ActiveCfg = Debug|Any CPU
		{F2720AD5-361B-4DDA-9AC5-47D0EF2BE3FE}.AppStore|x64.Build.0 = Debug|Any CPU
		{F2720AD5-361B-4DDA-9AC5-47D0EF2BE3FE}.AppStore|x64.Deploy.0 = Debug|Any CPU
		{F2720AD5-361B-4DDA-9AC5-47D0EF2BE3FE}.AppStore|x86.ActiveCfg = Debug|Any CPU
		{F2720AD5-361B-4DDA-9AC5-47D0EF2BE3FE}.AppStore|x86.Build.0 = Debug|Any CPU
		{F2720AD5-361B-4DDA-9AC5-47D0EF2BE3FE}.AppStore|x86.Deploy.0 = Debug|Any CPU
		{F2720AD5-361B-4DDA-9AC5-47D0EF2BE3FE}.Debug|Any CPU.ActiveCfg = Debug|Any CPU
		{F2720AD5-361B-4DDA-9AC5-47D0EF2BE3FE}.Debug|Any CPU.Build.0 = Debug|Any CPU
		{F2720AD5-361B-4DDA-9AC5-47D0EF2BE3FE}.Debug|Any CPU.Deploy.0 = Debug|Any CPU
		{F2720AD5-361B-4DDA-9AC5-47D0EF2BE3FE}.Debug|ARM.ActiveCfg = Debug|Any CPU
		{F2720AD5-361B-4DDA-9AC5-47D0EF2BE3FE}.Debug|ARM.Build.0 = Debug|Any CPU
		{F2720AD5-361B-4DDA-9AC5-47D0EF2BE3FE}.Debug|ARM.Deploy.0 = Debug|Any CPU
		{F2720AD5-361B-4DDA-9AC5-47D0EF2BE3FE}.Debug|iPhone.ActiveCfg = Debug|Any CPU
		{F2720AD5-361B-4DDA-9AC5-47D0EF2BE3FE}.Debug|iPhone.Build.0 = Debug|Any CPU
		{F2720AD5-361B-4DDA-9AC5-47D0EF2BE3FE}.Debug|iPhone.Deploy.0 = Debug|Any CPU
		{F2720AD5-361B-4DDA-9AC5-47D0EF2BE3FE}.Debug|iPhoneSimulator.ActiveCfg = Debug|Any CPU
		{F2720AD5-361B-4DDA-9AC5-47D0EF2BE3FE}.Debug|iPhoneSimulator.Build.0 = Debug|Any CPU
		{F2720AD5-361B-4DDA-9AC5-47D0EF2BE3FE}.Debug|iPhoneSimulator.Deploy.0 = Debug|Any CPU
		{F2720AD5-361B-4DDA-9AC5-47D0EF2BE3FE}.Debug|x64.ActiveCfg = Debug|Any CPU
		{F2720AD5-361B-4DDA-9AC5-47D0EF2BE3FE}.Debug|x64.Build.0 = Debug|Any CPU
		{F2720AD5-361B-4DDA-9AC5-47D0EF2BE3FE}.Debug|x64.Deploy.0 = Debug|Any CPU
		{F2720AD5-361B-4DDA-9AC5-47D0EF2BE3FE}.Debug|x86.ActiveCfg = Debug|Any CPU
		{F2720AD5-361B-4DDA-9AC5-47D0EF2BE3FE}.Debug|x86.Build.0 = Debug|Any CPU
		{F2720AD5-361B-4DDA-9AC5-47D0EF2BE3FE}.Debug|x86.Deploy.0 = Debug|Any CPU
		{F2720AD5-361B-4DDA-9AC5-47D0EF2BE3FE}.Release|Any CPU.ActiveCfg = Release|Any CPU
		{F2720AD5-361B-4DDA-9AC5-47D0EF2BE3FE}.Release|Any CPU.Build.0 = Release|Any CPU
		{F2720AD5-361B-4DDA-9AC5-47D0EF2BE3FE}.Release|Any CPU.Deploy.0 = Release|Any CPU
		{F2720AD5-361B-4DDA-9AC5-47D0EF2BE3FE}.Release|ARM.ActiveCfg = Release|Any CPU
		{F2720AD5-361B-4DDA-9AC5-47D0EF2BE3FE}.Release|ARM.Build.0 = Release|Any CPU
		{F2720AD5-361B-4DDA-9AC5-47D0EF2BE3FE}.Release|ARM.Deploy.0 = Release|Any CPU
		{F2720AD5-361B-4DDA-9AC5-47D0EF2BE3FE}.Release|iPhone.ActiveCfg = Release|Any CPU
		{F2720AD5-361B-4DDA-9AC5-47D0EF2BE3FE}.Release|iPhone.Build.0 = Release|Any CPU
		{F2720AD5-361B-4DDA-9AC5-47D0EF2BE3FE}.Release|iPhone.Deploy.0 = Release|Any CPU
		{F2720AD5-361B-4DDA-9AC5-47D0EF2BE3FE}.Release|iPhoneSimulator.ActiveCfg = Release|Any CPU
		{F2720AD5-361B-4DDA-9AC5-47D0EF2BE3FE}.Release|iPhoneSimulator.Build.0 = Release|Any CPU
		{F2720AD5-361B-4DDA-9AC5-47D0EF2BE3FE}.Release|iPhoneSimulator.Deploy.0 = Release|Any CPU
		{F2720AD5-361B-4DDA-9AC5-47D0EF2BE3FE}.Release|x64.ActiveCfg = Release|Any CPU
		{F2720AD5-361B-4DDA-9AC5-47D0EF2BE3FE}.Release|x64.Build.0 = Release|Any CPU
		{F2720AD5-361B-4DDA-9AC5-47D0EF2BE3FE}.Release|x64.Deploy.0 = Release|Any CPU
		{F2720AD5-361B-4DDA-9AC5-47D0EF2BE3FE}.Release|x86.ActiveCfg = Release|Any CPU
		{F2720AD5-361B-4DDA-9AC5-47D0EF2BE3FE}.Release|x86.Build.0 = Release|Any CPU
		{F2720AD5-361B-4DDA-9AC5-47D0EF2BE3FE}.Release|x86.Deploy.0 = Release|Any CPU
		{DFA46AC0-60CD-4F08-ABB9-2697DA264E60}.Ad-Hoc|Any CPU.ActiveCfg = Release|Any CPU
		{DFA46AC0-60CD-4F08-ABB9-2697DA264E60}.Ad-Hoc|Any CPU.Build.0 = Release|Any CPU
		{DFA46AC0-60CD-4F08-ABB9-2697DA264E60}.Ad-Hoc|ARM.ActiveCfg = Release|Any CPU
		{DFA46AC0-60CD-4F08-ABB9-2697DA264E60}.Ad-Hoc|ARM.Build.0 = Release|Any CPU
		{DFA46AC0-60CD-4F08-ABB9-2697DA264E60}.Ad-Hoc|iPhone.ActiveCfg = Release|Any CPU
		{DFA46AC0-60CD-4F08-ABB9-2697DA264E60}.Ad-Hoc|iPhone.Build.0 = Release|Any CPU
		{DFA46AC0-60CD-4F08-ABB9-2697DA264E60}.Ad-Hoc|iPhoneSimulator.ActiveCfg = Release|Any CPU
		{DFA46AC0-60CD-4F08-ABB9-2697DA264E60}.Ad-Hoc|iPhoneSimulator.Build.0 = Release|Any CPU
		{DFA46AC0-60CD-4F08-ABB9-2697DA264E60}.Ad-Hoc|x64.ActiveCfg = Release|Any CPU
		{DFA46AC0-60CD-4F08-ABB9-2697DA264E60}.Ad-Hoc|x64.Build.0 = Release|Any CPU
		{DFA46AC0-60CD-4F08-ABB9-2697DA264E60}.Ad-Hoc|x86.ActiveCfg = Release|Any CPU
		{DFA46AC0-60CD-4F08-ABB9-2697DA264E60}.Ad-Hoc|x86.Build.0 = Release|Any CPU
		{DFA46AC0-60CD-4F08-ABB9-2697DA264E60}.AppStore|Any CPU.ActiveCfg = Release|Any CPU
		{DFA46AC0-60CD-4F08-ABB9-2697DA264E60}.AppStore|Any CPU.Build.0 = Release|Any CPU
		{DFA46AC0-60CD-4F08-ABB9-2697DA264E60}.AppStore|ARM.ActiveCfg = Release|Any CPU
		{DFA46AC0-60CD-4F08-ABB9-2697DA264E60}.AppStore|ARM.Build.0 = Release|Any CPU
		{DFA46AC0-60CD-4F08-ABB9-2697DA264E60}.AppStore|iPhone.ActiveCfg = Release|Any CPU
		{DFA46AC0-60CD-4F08-ABB9-2697DA264E60}.AppStore|iPhone.Build.0 = Release|Any CPU
		{DFA46AC0-60CD-4F08-ABB9-2697DA264E60}.AppStore|iPhoneSimulator.ActiveCfg = Release|Any CPU
		{DFA46AC0-60CD-4F08-ABB9-2697DA264E60}.AppStore|iPhoneSimulator.Build.0 = Release|Any CPU
		{DFA46AC0-60CD-4F08-ABB9-2697DA264E60}.AppStore|x64.ActiveCfg = Release|Any CPU
		{DFA46AC0-60CD-4F08-ABB9-2697DA264E60}.AppStore|x64.Build.0 = Release|Any CPU
		{DFA46AC0-60CD-4F08-ABB9-2697DA264E60}.AppStore|x86.ActiveCfg = Release|Any CPU
		{DFA46AC0-60CD-4F08-ABB9-2697DA264E60}.AppStore|x86.Build.0 = Release|Any CPU
		{DFA46AC0-60CD-4F08-ABB9-2697DA264E60}.Debug|Any CPU.ActiveCfg = Debug|Any CPU
		{DFA46AC0-60CD-4F08-ABB9-2697DA264E60}.Debug|Any CPU.Build.0 = Debug|Any CPU
		{DFA46AC0-60CD-4F08-ABB9-2697DA264E60}.Debug|ARM.ActiveCfg = Debug|Any CPU
		{DFA46AC0-60CD-4F08-ABB9-2697DA264E60}.Debug|ARM.Build.0 = Debug|Any CPU
		{DFA46AC0-60CD-4F08-ABB9-2697DA264E60}.Debug|iPhone.ActiveCfg = Debug|Any CPU
		{DFA46AC0-60CD-4F08-ABB9-2697DA264E60}.Debug|iPhone.Build.0 = Debug|Any CPU
		{DFA46AC0-60CD-4F08-ABB9-2697DA264E60}.Debug|iPhoneSimulator.ActiveCfg = Debug|Any CPU
		{DFA46AC0-60CD-4F08-ABB9-2697DA264E60}.Debug|iPhoneSimulator.Build.0 = Debug|Any CPU
		{DFA46AC0-60CD-4F08-ABB9-2697DA264E60}.Debug|x64.ActiveCfg = Debug|Any CPU
		{DFA46AC0-60CD-4F08-ABB9-2697DA264E60}.Debug|x64.Build.0 = Debug|Any CPU
		{DFA46AC0-60CD-4F08-ABB9-2697DA264E60}.Debug|x86.ActiveCfg = Debug|Any CPU
		{DFA46AC0-60CD-4F08-ABB9-2697DA264E60}.Debug|x86.Build.0 = Debug|Any CPU
		{DFA46AC0-60CD-4F08-ABB9-2697DA264E60}.Release|Any CPU.ActiveCfg = Release|Any CPU
		{DFA46AC0-60CD-4F08-ABB9-2697DA264E60}.Release|Any CPU.Build.0 = Release|Any CPU
		{DFA46AC0-60CD-4F08-ABB9-2697DA264E60}.Release|ARM.ActiveCfg = Release|Any CPU
		{DFA46AC0-60CD-4F08-ABB9-2697DA264E60}.Release|ARM.Build.0 = Release|Any CPU
		{DFA46AC0-60CD-4F08-ABB9-2697DA264E60}.Release|iPhone.ActiveCfg = Release|Any CPU
		{DFA46AC0-60CD-4F08-ABB9-2697DA264E60}.Release|iPhone.Build.0 = Release|Any CPU
		{DFA46AC0-60CD-4F08-ABB9-2697DA264E60}.Release|iPhoneSimulator.ActiveCfg = Release|Any CPU
		{DFA46AC0-60CD-4F08-ABB9-2697DA264E60}.Release|iPhoneSimulator.Build.0 = Release|Any CPU
		{DFA46AC0-60CD-4F08-ABB9-2697DA264E60}.Release|x64.ActiveCfg = Release|Any CPU
		{DFA46AC0-60CD-4F08-ABB9-2697DA264E60}.Release|x64.Build.0 = Release|Any CPU
		{DFA46AC0-60CD-4F08-ABB9-2697DA264E60}.Release|x86.ActiveCfg = Release|Any CPU
		{DFA46AC0-60CD-4F08-ABB9-2697DA264E60}.Release|x86.Build.0 = Release|Any CPU
	EndGlobalSection
	GlobalSection(SolutionProperties) = preSolution
		HideSolutionNode = FALSE
	EndGlobalSection
	GlobalSection(ExtensibilityGlobals) = postSolution
		SolutionGuid = {B2253E97-B534-4B8D-8865-313B8C2F3AB1}
	EndGlobalSection
EndGlobal
